version = 1
revision = 3
requires-python = ">=3.13"

[[package]]
name = "boto3"
version = "1.43.100"
source = { registry = "https://pypi.org/simple" }
dependencies = [
    { name = "botocore" },
    { name = "jmespath" },
    { name = "s3transfer" },
]
sdist = { url = "https://files.pythonhosted.org/packages/ba/98/93754b03cb746202f216bdfa970d56d72c105b27187506336c443e4ffac3/boto3-1.43.100.tar.gz", hash = "sha256:ae8d81e1f14699959eb38757c2e0044f4e3a303a57a0335d0be4cd3c07529763", size = 112649, upload-time = "2026-09-22T19:21:21.906Z" }
wheels = [
    { url = "https://files.pythonhosted.org/packages/98/37/0ffe0ceb6227381f852f51777c9338115958d24d436bef990c73b6660bf4/boto3-1.43.100-py3-none-any.whl", hash = "sha256:49785c310057c2c650d62ca3ba28e88ad87c3827b490312711e81968a9d21fd8", size = 140042, upload-time = "2026-09-22T19:21:20.41Z" },
]

[[package]]
name = "botocore"
version = "1.43.103"
source = { registry = "https://pypi.org/simple" }
dependencies = [
    { name = "jmespath" },
    { name = "python-dateutil" },
    { name = "urllib3" },
]
sdist = { url = "https://files.pythonhosted.org/packages/3c/83/acbee6f2e3b1f02de935fef0c48a387511bf979149dc6b44466aaafba6a5/botocore-1.43.103.tar.gz", hash = "sha256:8c7f220e09f3b7ec99c59c716aa66cf6f5b2b57fd8731544054f3778aa744c6a", size = 16243609, upload-time = "2026-09-25T19:26:25.884Z" }
wheels = [
    { url = "https://files.pythonhosted.org/packages/8c/47/790ba88ec849d1e07b5866458b67e79b291164f3de7f23429b4dcb7e2ced/botocore-1.43.103-py3-none-any.whl", hash = "sha256:6a6a561a6de43845ae42bc7ff7e2c798742bfa277f5215398f9c15ed9b1bd67c", size = 15938608, upload-time = "2026-09-25T19:26:23.162Z" },
]

[[package]]
name = "jmespath"
version = "1.1.0"
source = { registry = "https://pypi.org/simple" }
sdist = { url = "https://files.pythonhosted.org/packages/d3/59/322338183ecda247fb5d1763a6cbe46eff7222eaeebafd9fa65d4bf5cb11/jmespath-1.1.0.tar.gz", hash = "sha256:472c87d80f36026ae83c6ddd0f1d05d4e510134ed462851fd5f754c8c3cbb88d", size = 27377, upload-time = "2026-01-22T16:35:26.279Z" }
wheels = [
    { url = "https://files.pythonhosted.org/packages/14/2f/967ba146e6d58cf6a652da73885f52fc68001525b4197effc174321d70b4/jmespath-1.1.0-py3-none-any.whl", hash = "sha256:a5663118de4908c91729bea0acadca56526eb2698e83de10cd116ae0f4e97c64", size = 20419, upload-time = "2026-01-22T16:35:24.919Z" },
]

[[package]]
name = "python-dateutil"
version = "2.9.0.post0"
source = { registry = "https://pypi.org/simple" }
dependencies = [
    { name = "six" },
]
sdist = { url = "https://files.pythonhosted.org/packages/66/c0/0c8b6ad9f17a802ee498c46e004a0eb49bc148f2fd230864601a86dcf6db/python-dateutil-2.9.0.post0.tar.gz", hash = "sha256:37dd54208da7e1cd875388217d5e00ebd4179249f90fb72437e91a35459a0ad3", size = 342432, upload-time = "2024-03-01T18:36:20.211Z" }
wheels = [
    { url = "https://files.pythonhosted.org/packages/ec/57/56b9bcc3c9c6a792fcbaf139543cee77261f3651ca9da0c93f5c1221264b/python_dateutil-2.9.0.post0-py2.py3-none-any.whl", hash = "sha256:a8b2bc7bffae282281c8140a97d3aa9c14da0b136dfe83f850eea9a5f7470427", size = 229892, upload-time = "2024-03-01T18:36:18.57Z" },
]

[[package]]
name = "ruff"
version = "0.16.9"
source = { registry = "https://pypi.org/simple" }
sdist = { url = "https://files.pythonhosted.org/packages/96/bf/c935ca98e73fe8ce65b87ef08a280c0c1e85295d569228c15e87d8fdfaf1/ruff-0.16.9.tar.gz", hash = "sha256:12b625c6cfba78d285d9f48eda5f053374f1e53cb10ef17342a383750db99161", size = 4948764, upload-time = "2026-09-24T20:37:49.416Z" }
wheels = [
    { url = "https://files.pythonhosted.org/packages/0d/26/df51322b52ee1ada7eff2d071ea09d11d5c2d1dcc9f02594f5785c4d1635/ruff-0.16.9-py3-none-linux_armv6l.whl", hash = "sha256:95e6f022090368ab3b824c36276839c53b2adf1a3f4c09fefc33dfc400f6da96", size = 10082922, upload-time = "2026-09-24T20:37:13.045Z" },
    { url = "https://files.pythonhosted.org/packages/a5/27/7bf51f5a7aa375e9f339280a303aab44ca75dc1525f1cdc5991761685b0f/ruff-0.16.9-py3-none-macosx_10_12_x86_64.whl", hash = "sha256:a5f27be168556594a86d2f415db0cf43f5291917849318f873c7e2791f7a8c67", size = 10236360, upload-time = "2026-09-24T20:37:16.049Z" },
    { url = "https://files.pythonhosted.org/packages/b6/63/09659283f92f02dff45809da194a70da2f688d87c55d8875c4fae3536072/ruff-0.16.9-py3-none-macosx_11_0_arm64.whl", hash = "sha256:1632eb1d6197f33bd00b1acbc5b71009e89a8895c158e2d2b03a834fac964ab6", size = 9892940, upload-time = "2026-09-24T20:37:17.957Z" },
    { url = "https://files.pythonhosted.org/packages/24/58/98de1b72ec172f5f8f1731236fe21585b3998bf7dfe9fcc44ae9ba626012/ruff-0.16.9-py3-none-manylinux_2_17_aarch64.manylinux2014_aarch64.whl", hash = "sha256:b3f951b14d865d5952c89d40a5ca07e87abe24fa5453299878411e127748fb1c", size = 10032114, upload-time = "2026-09-24T20:37:19.942Z" },
    { url = "https://files.pythonhosted.org/packages/c8/7d/f1e17c54ab59d4bad1dce8ee3e22a7a1d0ef4745240decacdcf3832b5bb2/ruff-0.16.9-py3-none-manylinux_2_17_armv7l.manylinux2014_armv7l.whl", hash = "sha256:447fc07e1573afff7cb02803462b12b6c8ece7cf10e2cd78565fa6d7a1c0bf8d", size = 9910227, upload-time = "2026-09-24T20:37:21.872Z" },
    { url = "https://files.pythonhosted.org/packages/34/19/436f647a65075bbd3bab2668b3bdaa5120559b294694018cdcefabbbf30b/ruff-0.16.9-py3-none-manylinux_2_17_i686.manylinux2014_i686.whl", hash = "sha256:8a3e039a6a40ed976c491722b60e0ae4a4aa1a86057f540ee7a37a5d19ae9120", size = 10547484, upload-time = "2026-09-24T20:37:24.229Z" },
    { url = "https://files.pythonhosted.org/packages/03/59/38430a6bc2f6d8095447ac39625cf8b6e9344a47e6c26225c8ba1bff3ffb/ruff-0.16.9-py3-none-manylinux_2_17_ppc64le.manylinux2014_ppc64le.whl", hash = "sha256:4684dded7db60aa57cb118fa158630f5feade4af5782903b6053484bdf9bd129", size = 11412367, upload-time = "2026-09-24T20:37:26.307Z" },
    { url = "https://files.pythonhosted.org/packages/c8/bd/bbb6d7fc7f208c8b8c50dd5dc8206e4cfdb1e7a8fb852606a3adf370c880/ruff-0.16.9-py3-none-manylinux_2_17_s390x.manylinux2014_s390x.whl", hash = "sha256:d29c934357e45642fda2f34c0b1f4025b4a6c01e15e4bf0016879d60078a142c", size = 10869787, upload-time = "2026-09-24T20:37:28.35Z" },
    { url = "https://files.pythonhosted.org/packages/bc/b8/9c543074918061abbefc3bd139bee22de35abedb00dde0f2d27288838962/ruff-0.16.9-py3-none-manylinux_2_17_x86_64.manylinux2014_x86_64.whl", hash = "sha256:a21713e629d3e5bdb2f5c2def1cc7f04f47fa8e1a7eb0571b4a28e1da64bc728", size = 10406494, upload-time = "2026-09-24T20:37:30.624Z" },
    { url = "https://files.pythonhosted.org/packages/35/7a/5a8851bd146e7ccf8fd4b003f6c75c11f8fbdb0e60673b45097986b6bf41/ruff-0.16.9-py3-none-manylinux_2_31_riscv64.whl", hash = "sha256:7baa24ef5fc8e77aa93879e1d3f43754a01ae488e869f1ae30cf431afd4d2452", size = 10590083, upload-time = "2026-09-24T20:37:32.439Z" },
    { url = "https://files.pythonhosted.org/packages/87/f0/4c3467188f23f806960b46fa76575a7cd0514c9ba90562650b71efc96980/ruff-0.16.9-py3-none-musllinux_1_2_aarch64.whl", hash = "sha256:a41aac6230aadfaa133bdfa1614488531ffa3e0837567ae04c0da2058a9c0f9e", size = 10119151, upload-time = "2026-09-24T20:37:34.581Z" },
    { url = "https://files.pythonhosted.org/packages/15/34/5a4def5adea572ce6aea0bb64f21f928ee317b80e0db747d7979b01d7261/ruff-0.16.9-py3-none-musllinux_1_2_armv7l.whl", hash = "sha256:c2529fb5896d49115b0e9aa8f887490b34bbe76baf879ec2264ac59406869ce7", size = 9911544, upload-time = "2026-09-24T20:37:36.796Z" },
    { url = "https://files.pythonhosted.org/packages/62/5d/d15ebea7499eef9373318c0ee6ca127832927c6529731f6d48e18dce7ca9/ruff-0.16.9-py3-none-musllinux_1_2_i686.whl", hash = "sha256:41e3870277694177429b56406d65dfbdb2c2802c52b715edaf6a0b829c69d4ee", size = 10269884, upload-time = "2026-09-24T20:37:38.857Z" },
    { url = "https://files.pythonhosted.org/packages/d1/56/c5d3cd119ded7a3c7aba0e961b69cb3df701c91662c98ad694467d060ce1/ruff-0.16.9-py3-none-musllinux_1_2_x86_64.whl", hash = "sha256:8adbe4e58af167f767d7b2ba5e83c42e878350796cf78c2f5e14ab9903a92588", size = 10749366, upload-time = "2026-09-24T20:37:41.042Z" },
    { url = "https://files.pythonhosted.org/packages/ac/fe/734ec7527029ac757ecf821f143c9f3fcf69149c21f53a044a899b430f5a/ruff-0.16.9-py3-none-win32.whl", hash = "sha256:0e1dbc2073624dee6618d41d0098690a7244654af746704b64759e12b6b6b385", size = 10152355, upload-time = "2026-09-24T20:37:43.025Z" },
    { url = "https://files.pythonhosted.org/packages/14/21/26e4643629b3ebb44f0a06f9c9a53058d63d989415f63a9a3c28e2ee7f22/ruff-0.16.9-py3-none-win_amd64.whl", hash = "sha256:6bd40fec8cd4c8a3d4dd589bd8ad4e6320c13c29234159bfd959a40d529d597b", size = 10592965, upload-time = "2026-09-24T20:37:44.944Z" },
    { url = "https://files.pythonhosted.org/packages/51/60/5fb1a39dbb5ae314d5f59bc7348a63c1d5c20f3cd83914c4b5cb0be31d2d/ruff-0.16.9-py3-none-win_arm64.whl", hash = "sha256:ed1a252039200f57a59eebc063b54beabea67bfbaaca0eeaa7f54b5fbcda2284", size = 10458649, upload-time = "2026-09-24T20:37:46.882Z" },
]

[[package]]
name = "s3transfer"
version = "0.19.2"
source = { registry = "https://pypi.org/simple" }
dependencies = [
    { name = "botocore" },
]
sdist = { url = "https://files.pythonhosted.org/packages/76/43/35e4d8aa320bffe8287fe8f65f578fa2d2db0a64212f0e710dce58267854/s3transfer-0.19.2.tar.gz", hash = "sha256:ba0309fd86be3c27dbf78cdd813c13c5e1df16e5874b99d2535ebbdfb9892993", size = 165592, upload-time = "2026-07-22T19:30:44.432Z" }
wheels = [
    { url = "https://files.pythonhosted.org/packages/bc/e7/5c595c75e9f41a44f30e526eda465ea0b4eec93470e074e4a111b253f13a/s3transfer-0.19.2-py3-none-any.whl", hash = "sha256:d8168eccca828cbb2cd573675333f3bddd254313a9c42494b84c76b539e8ba25", size = 90216, upload-time = "2026-07-22T19:30:43.251Z" },
]

[[package]]
name = "six"
version = "1.17.0"
source = { registry = "https://pypi.org/simple" }
sdist = { url = "https://files.pythonhosted.org/packages/94/e7/b2c673351809dca68a0e064b6af791aa332cf192da575fd474ed7d6f16a2/six-1.17.0.tar.gz", hash = "sha256:ff70335d468e7eb6ec65b95b99d3a2836546063f63acc5171de367e834932a81", size = 34031, upload-time = "2024-12-04T17:35:28.174Z" }
wheels = [
    { url = "https://files.pythonhosted.org/packages/b7/ce/149a00dd41f10bc29e5921b496af8b574d8413afcd5e30dfa0ed46c2cc5e/six-1.17.0-py2.py3-none-any.whl", hash = "sha256:4721f391ed90541fddacab5acf947aa0d3dc7d27b2e1e8eda2be8970586c3274", size = 11050, upload-time = "2024-12-04T17:35:26.475Z" },
]

[[package]]
name = "urllib3"
version = "2.8.0"
source = { registry = "https://pypi.org/simple" }
sdist = { url = "https://files.pythonhosted.org/packages/e3/05/b17359e1cefb4f909b5e40b1b90a496d987258916dbbf88e842c729f510e/urllib3-2.8.0.tar.gz", hash = "sha256:63bf2ead4c879426ebf22ef2a781eeb4aa3b4ae798a0435506f8687fd5bb9b63", size = 458972, upload-time = "2026-09-15T19:29:36.253Z" }
wheels = [
    { url = "https://files.pythonhosted.org/packages/92/9d/c4e665119135114480843e7ab388fa94d8480650450e6f8e26b70d323a4c/urllib3-2.8.0-py3-none-any.whl", hash = "sha256:0cf3cae568d36aa9576b28dfb35f11328f1cb974ca7647d9475ebb86c75ac6e3", size = 135717, upload-time = "2026-09-15T19:29:34.577Z" },
]

[[package]]
name = "webapp-deploy-lambda"
version = "0.1.0"
source = { virtual = "." }
dependencies = [
    { name = "boto3" },
]

[package.dev-dependencies]
dev = [
    { name = "ruff" },
]

[package.metadata]
requires-dist = [{ name = "boto3", specifier = "==1.43.100" }]

[package.metadata.requires-dev]
dev = [{ name = "ruff", specifier = ">=0.8.6" }]
